
Microsoft Visual Studio Solution File, Format Version 12.00
# Visual Studio Version 17
VisualStudioVersion = 17.3.32804.467
MinimumVisualStudioVersion = 10.0.40219.1
Project("{FAE04EC0-301F-11D3-BF4B-00C04F79EFBC}") = "razor-with-mongo", "razor-with-mongo\razor-with-mongo.csproj", "{9CAE5E35-9E12-4C8E-993A-B0B262A936E8}"
EndProject
Global
	GlobalSection(SolutionConfigurationPlatforms) = preSolution
		Debug|Any CPU = Debug|Any CPU
		Release|Any CPU = Release|Any CPU
	EndGlobalSection
	GlobalSection(ProjectConfigurationPlatforms) = postSolution
		{9CAE5E35-9E12-4C8E-993A-B0B262A936E8}.Debug|Any CPU.ActiveCfg = Debug|Any CPU
		{9CAE5E35-9E12-4C8E-993A-B0B262A936E8}.Debug|Any CPU.Build.0 = Debug|Any CPU
		{9CAE5E35-9E12-4C8E-993A-B0B262A936E8}.Release|Any CPU.ActiveCfg = Release|Any CPU
		{9CAE5E35-9E12-4C8E-993A-B0B262A936E8}.Release|Any CPU.Build.0 = Release|Any CPU
	EndGlobalSection
	GlobalSection(SolutionProperties) = preSolution
		HideSolutionNode = FALSE
	EndGlobalSection
	GlobalSection(ExtensibilityGlobals) = postSolution
		SolutionGuid = {7DE21E09-1A98-4326-A364-9B381EC3A365}
	EndGlobalSection
EndGlobal
